// !$*UTF8*$!
{
	archiveVersion = 1;
	classes = {
	};
	objectVersion = 46;
	objects = {

/* Begin PBXBuildFile section */
		8E81E5461CE4634300280B25 /* main.m in Sources */ = {isa = PBXBuildFile; fileRef = 8E81E5451CE4634300280B25 /* main.m */; };
		8E81E5491CE4634300280B25 /* AppDelegate.m in Sources */ = {isa = PBXBuildFile; fileRef = 8E81E5481CE4634300280B25 /* AppDelegate.m */; };
		8E81E54C1CE4634300280B25 /* ViewController.m in Sources */ = {isa = PBXBuildFile; fileRef = 8E81E54B1CE4634300280B25 /* ViewController.m */; };
		8E81E54F1CE4634300280B25 /* Main.storyboard in Resources */ = {isa = PBXBuildFile; fileRef = 8E81E54D1CE4634300280B25 /* Main.storyboard */; };
		8E81E5521CE4634300280B25 /* OneGoal.xcdatamodeld in Sources */ = {isa = PBXBuildFile; fileRef = 8E81E5501CE4634300280B25 /* OneGoal.xcdatamodeld */; };
		8E81E5541CE4634300280B25 /* Assets.xcassets in Resources */ = {isa = PBXBuildFile; fileRef = 8E81E5531CE4634300280B25 /* Assets.xcassets */; };
		8E81E5571CE4634300280B25 /* LaunchScreen.storyboard in Resources */ = {isa = PBXBuildFile; fileRef = 8E81E5551CE4634300280B25 /* LaunchScreen.storyboard */; };
		8E81E5621CE4634300280B25 /* OneGoalTests.m in Sources */ = {isa = PBXBuildFile; fileRef = 8E81E5611CE4634300280B25 /* OneGoalTests.m */; };
		8E81E56D1CE4634300280B25 /* OneGoalUITests.m in Sources */ = {isa = PBXBuildFile; fileRef = 8E81E56C1CE4634300280B25 /* OneGoalUITests.m */; };
/* End PBXBuildFile section */

/* Begin PBXContainerItemProxy section */
		8E81E55E1CE4634300280B25 /* PBXContainerItemProxy */ = {
			isa = PBXContainerItemProxy;
			containerPortal = 8E81E5391CE4634300280B25 /* Project object */;
			proxyType = 1;
			remoteGlobalIDString = 8E81E5401CE4634300280B25;
			remoteInfo = OneGoal;
		};
		8E81E5691CE4634300280B25 /* PBXContainerItemProxy */ = {
			isa = PBXContainerItemProxy;
			containerPortal = 8E81E5391CE4634300280B25 /* Project object */;
			proxyType = 1;
			remoteGlobalIDString = 8E81E5401CE4634300280B25;
			remoteInfo = OneGoal;
		};
/* End PBXContainerItemProxy section */

/* Begin PBXFileReference section */
		8E81E5411CE4634300280B25 /* OneGoal.app */ = {isa = PBXFileReference; explicitFileType = wrapper.application; includeInIndex = 0; path = OneGoal.app; sourceTree = BUILT_PRODUCTS_DIR; };
		8E81E5451CE4634300280B25 /* main.m */ = {isa = PBXFileReference; lastKnownFileType = sourcecode.c.objc; path = main.m; sourceTree = "<group>"; };
		8E81E5471CE4634300280B25 /* AppDelegate.h */ = {isa = PBXFileReference; lastKnownFileType = sourcecode.c.h; path = AppDelegate.h; sourceTree = "<group>"; };
		8E81E5481CE4634300280B25 /* AppDelegate.m */ = {isa = PBXFileReference; lastKnownFileType = sourcecode.c.objc; path = AppDelegate.m; sourceTree = "<group>"; };
		8E81E54A1CE4634300280B25 /* ViewController.h */ = {isa = PBXFileReference; lastKnownFileType = sourcecode.c.h; path = ViewController.h; sourceTree = "<group>"; };
		8E81E54B1CE4634300280B25 /* ViewController.m */ = {isa = PBXFileReference; lastKnownFileType = sourcecode.c.objc; path = ViewController.m; sourceTree = "<group>"; };
		8E81E54E1CE4634300280B25 /* Base */ = {isa = PBXFileReference; lastKnownFileType = file.storyboard; name = Base; path = Base.lproj/Main.storyboard; sourceTree = "<group>"; };
		8E81E5511CE4634300280B25 /* OneGoal.xcdatamodel */ = {isa = PBXFileReference; lastKnownFileType = wrapper.xcdatamodel; path = OneGoal.xcdatamodel; sourceTree = "<group>"; };
		8E81E5531CE4634300280B25 /* Assets.xcassets */ = {isa = PBXFileReference; lastKnownFileType = folder.assetcatalog; path = Assets.xcassets; sourceTree = "<group>"; };
		8E81E5561CE4634300280B25 /* Base */ = {isa = PBXFileReference; lastKnownFileType = file.storyboard; name = Base; path = Base.lproj/LaunchScreen.storyboard; sourceTree = "<group>"; };
		8E81E5581CE4634300280B25 /* Info.plist */ = {isa = PBXFileReference; lastKnownFileType = text.plist.xml; path = Info.plist; sourceTree = "<group>"; };
		8E81E55D1CE4634300280B25 /* OneGoalTests.xctest */ = {isa = PBXFileReference; explicitFileType = wrapper.cfbundle; includeInIndex = 0; path = OneGoalTests.xctest; sourceTree = BUILT_PRODUCTS_DIR; };
		8E81E5611CE4634300280B25 /* OneGoalTests.m */ = {isa = PBXFileReference; lastKnownFileType = sourcecode.c.objc; path = OneGoalTests.m; sourceTree = "<group>"; };
		8E81E5631CE4634300280B25 /* Info.plist */ = {isa = PBXFileReference; lastKnownFileType = text.plist.xml; path = Info.plist; sourceTree = "<group>"; };
		8E81E5681CE4634300280B25 /* OneGoalUITests.xctest */ = {isa = PBXFileReference; explicitFileType = wrapper.cfbundle; includeInIndex = 0; path = OneGoalUITests.xctest; sourceTree = BUILT_PRODUCTS_DIR; };
		8E81E56C1CE4634300280B25 /* OneGoalUITests.m */ = {isa = PBXFileReference; lastKnownFileType = sourcecode.c.objc; path = OneGoalUITests.m; sourceTree = "<group>"; };
		8E81E56E1CE4634300280B25 /* Info.plist */ = {isa = PBXFileReference; lastKnownFileType = text.plist.xml; path = Info.plist; sourceTree = "<group>"; };
/* End PBXFileReference section */

/* Begin PBXFrameworksBuildPhase section */
		8E81E53E1CE4634300280B25 /* Frameworks */ = {
			isa = PBXFrameworksBuildPhase;
			buildActionMask = 2147483647;
			files = (
			);
			runOnlyForDeploymentPostprocessing = 0;
		};
		8E81E55A1CE4634300280B25 /* Frameworks */ = {
			isa = PBXFrameworksBuildPhase;
			buildActionMask = 2147483647;
			files = (
			);
			runOnlyForDeploymentPostprocessing = 0;
		};
		8E81E5651CE4634300280B25 /* Frameworks */ = {
			isa = PBXFrameworksBuildPhase;
			buildActionMask = 2147483647;
			files = (
			);
			runOnlyForDeploymentPostprocessing = 0;
		};
/* End PBXFrameworksBuildPhase section */

/* Begin PBXGroup section */
		8E81E5381CE4634300280B25 = {
			isa = PBXGroup;
			children = (
				8E81E5431CE4634300280B25 /* OneGoal */,
				8E81E5601CE4634300280B25 /* OneGoalTests */,
				8E81E56B1CE4634300280B25 /* OneGoalUITests */,
				8E81E5421CE4634300280B25 /* Products */,
			);
			sourceTree = "<group>";
		};
		8E81E5421CE4634300280B25 /* Products */ = {
			isa = PBXGroup;
			children = (
				8E81E5411CE4634300280B25 /* OneGoal.app */,
				8E81E55D1CE4634300280B25 /* OneGoalTests.xctest */,
				8E81E5681CE4634300280B25 /* OneGoalUITests.xctest */,
			);
			name = Products;
			sourceTree = "<group>";
		};
		8E81E5431CE4634300280B25 /* OneGoal */ = {
			isa = PBXGroup;
			children = (
				8E81E5471CE4634300280B25 /* AppDelegate.h */,
				8E81E5481CE4634300280B25 /* AppDelegate.m */,
				8E81E54A1CE4634300280B25 /* ViewController.h */,
				8E81E54B1CE4634300280B25 /* ViewController.m */,
				8E81E54D1CE4634300280B25 /* Main.storyboard */,
				8E81E5531CE4634300280B25 /* Assets.xcassets */,
				8E81E5551CE4634300280B25 /* LaunchScreen.storyboard */,
				8E81E5581CE4634300280B25 /* Info.plist */,
				8E81E5501CE4634300280B25 /* OneGoal.xcdatamodeld */,
				8E81E5441CE4634300280B25 /* Supporting Files */,
			);
			path = OneGoal;
			sourceTree = "<group>";
		};
		8E81E5441CE4634300280B25 /* Supporting Files */ = {
			isa = PBXGroup;
			children = (
				8E81E5451CE4634300280B25 /* main.m */,
			);
			name = "Supporting Files";
			sourceTree = "<group>";
		};
		8E81E5601CE4634300280B25 /* OneGoalTests */ = {
			isa = PBXGroup;
			children = (
				8E81E5611CE4634300280B25 /* OneGoalTests.m */,
				8E81E5631CE4634300280B25 /* Info.plist */,
			);
			path = OneGoalTests;
			sourceTree = "<group>";
		};
		8E81E56B1CE4634300280B25 /* OneGoalUITests */ = {
			isa = PBXGroup;
			children = (
				8E81E56C1CE4634300280B25 /* OneGoalUITests.m */,
				8E81E56E1CE4634300280B25 /* Info.plist */,
			);
			path = OneGoalUITests;
			sourceTree = "<group>";
		};
/* End PBXGroup section */

/* Begin PBXNativeTarget section */
		8E81E5401CE4634300280B25 /* OneGoal */ = {
			isa = PBXNativeTarget;
			buildConfigurationList = 8E81E5711CE4634300280B25 /* Build configuration list for PBXNativeTarget "OneGoal" */;
			buildPhases = (
				8E81E53D1CE4634300280B25 /* Sources */,
				8E81E53E1CE4634300280B25 /* Frameworks */,
				8E81E53F1CE4634300280B25 /* Resources */,
			);
			buildRules = (
			);
			dependencies = (
			);
			name = OneGoal;
			productName = OneGoal;
			productReference = 8E81E5411CE4634300280B25 /* OneGoal.app */;
			productType = "com.apple.product-type.application";
		};
		8E81E55C1CE4634300280B25 /* OneGoalTests */ = {
			isa = PBXNativeTarget;
			buildConfigurationList = 8E81E5741CE4634300280B25 /* Build configuration list for PBXNativeTarget "OneGoalTests" */;
			buildPhases = (
				8E81E5591CE4634300280B25 /* Sources */,
				8E81E55A1CE4634300280B25 /* Frameworks */,
				8E81E55B1CE4634300280B25 /* Resources */,
			);
			buildRules = (
			);
			dependencies = (
				8E81E55F1CE4634300280B25 /* PBXTargetDependency */,
			);
			name = OneGoalTests;
			productName = OneGoalTests;
			productReference = 8E81E55D1CE4634300280B25 /* OneGoalTests.xctest */;
			productType = "com.apple.product-type.bundle.unit-test";
		};
		8E81E5671CE4634300280B25 /* OneGoalUITests */ = {
			isa = PBXNativeTarget;
			buildConfigurationList = 8E81E5771CE4634300280B25 /* Build configuration list for PBXNativeTarget "OneGoalUITests" */;
			buildPhases = (
				8E81E5641CE4634300280B25 /* Sources */,
				8E81E5651CE4634300280B25 /* Frameworks */,
				8E81E5661CE4634300280B25 /* Resources */,
			);
			buildRules = (
			);
			dependencies = (
				8E81E56A1CE4634300280B25 /* PBXTargetDependency */,
			);
			name = OneGoalUITests;
			productName = OneGoalUITests;
			productReference = 8E81E5681CE4634300280B25 /* OneGoalUITests.xctest */;
			productType = "com.apple.product-type.bundle.ui-testing";
		};
/* End PBXNativeTarget section */

/* Begin PBXProject section */
		8E81E5391CE4634300280B25 /* Project object */ = {
			isa = PBXProject;
			attributes = {
				LastUpgradeCheck = 0730;
				ORGANIZATIONNAME = stone;
				TargetAttributes = {
					8E81E5401CE4634300280B25 = {
						CreatedOnToolsVersion = 7.3;
					};
					8E81E55C1CE4634300280B25 = {
						CreatedOnToolsVersion = 7.3;
						TestTargetID = 8E81E5401CE4634300280B25;
					};
					8E81E5671CE4634300280B25 = {
						CreatedOnToolsVersion = 7.3;
						TestTargetID = 8E81E5401CE4634300280B25;
					};
				};
			};
			buildConfigurationList = 8E81E53C1CE4634300280B25 /* Build configuration list for PBXProject "OneGoal" */;
			compatibilityVersion = "Xcode 3.2";
			developmentRegion = English;
			hasScannedForEncodings = 0;
			knownRegions = (
				en,
				Base,
			);
			mainGroup = 8E81E5381CE4634300280B25;
			productRefGroup = 8E81E5421CE4634300280B25 /* Products */;
			projectDirPath = "";
			projectRoot = "";
			targets = (
				8E81E5401CE4634300280B25 /* OneGoal */,
				8E81E55C1CE4634300280B25 /* OneGoalTests */,
				8E81E5671CE4634300280B25 /* OneGoalUITests */,
			);
		};
/* End PBXProject section */

/* Begin PBXResourcesBuildPhase section */
		8E81E53F1CE4634300280B25 /* Resources */ = {
			isa = PBXResourcesBuildPhase;
			buildActionMask = 2147483647;
			files = (
				8E81E5571CE4634300280B25 /* LaunchScreen.storyboard in Resources */,
				8E81E5541CE4634300280B25 /* Assets.xcassets in Resources */,
				8E81E54F1CE4634300280B25 /* Main.storyboard in Resources */,
			);
			runOnlyForDeploymentPostprocessing = 0;
		};
		8E81E55B1CE4634300280B25 /* Resources */ = {
			isa = PBXResourcesBuildPhase;
			buildActionMask = 2147483647;
			files = (
			);
			runOnlyForDeploymentPostprocessing = 0;
		};
		8E81E5661CE4634300280B25 /* Resources */ = {
			isa = PBXResourcesBuildPhase;
			buildActionMask = 2147483647;
			files = (
			);
			runOnlyForDeploymentPostprocessing = 0;
		};
/* End PBXResourcesBuildPhase section */

/* Begin PBXSourcesBuildPhase section */
		8E81E53D1CE4634300280B25 /* Sources */ = {
			isa = PBXSourcesBuildPhase;
			buildActionMask = 2147483647;
			files = (
				8E81E54C1CE4634300280B25 /* ViewController.m in Sources */,
				8E81E5521CE4634300280B25 /* OneGoal.xcdatamodeld in Sources */,
				8E81E5491CE4634300280B25 /* AppDelegate.m in Sources */,
				8E81E5461CE4634300280B25 /* main.m in Sources */,
			);
			runOnlyForDeploymentPostprocessing = 0;
		};
		8E81E5591CE4634300280B25 /* Sources */ = {
			isa = PBXSourcesBuildPhase;
			buildActionMask = 2147483647;
			files = (
				8E81E5621CE4634300280B25 /* OneGoalTests.m in Sources */,
			);
			runOnlyForDeploymentPostprocessing = 0;
		};
		8E81E5641CE4634300280B25 /* Sources */ = {
			isa = PBXSourcesBuildPhase;
			buildActionMask = 2147483647;
			files = (
				8E81E56D1CE4634300280B25 /* OneGoalUITests.m in Sources */,
			);
			runOnlyForDeploymentPostprocessing = 0;
		};
/* End PBXSourcesBuildPhase section */

/* Begin PBXTargetDependency section */
		8E81E55F1CE4634300280B25 /* PBXTargetDependency */ = {
			isa = PBXTargetDependency;
			target = 8E81E5401CE4634300280B25 /* OneGoal */;
			targetProxy = 8E81E55E1CE4634300280B25 /* PBXContainerItemProxy */;
		};
		8E81E56A1CE4634300280B25 /* PBXTargetDependency */ = {
			isa = PBXTargetDependency;
			target = 8E81E5401CE4634300280B25 /* OneGoal */;
			targetProxy = 8E81E5691CE4634300280B25 /* PBXContainerItemProxy */;
		};
/* End PBXTargetDependency section */

/* Begin PBXVariantGroup section */
		8E81E54D1CE4634300280B25 /* Main.storyboard */ = {
			isa = PBXVariantGroup;
			children = (
				8E81E54E1CE4634300280B25 /* Base */,
			);
			name = Main.storyboard;
			sourceTree = "<group>";
		};
		8E81E5551CE4634300280B25 /* LaunchScreen.storyboard */ = {
			isa = PBXVariantGroup;
			children = (
				8E81E5561CE4634300280B25 /* Base */,
			);
			name = LaunchScreen.storyboard;
			sourceTree = "<group>";
		};
/* End PBXVariantGroup section */

/* Begin XCBuildConfiguration section */
		8E81E56F1CE4634300280B25 /* Debug */ = {
			isa = XCBuildConfiguration;
			buildSettings = {
				ALWAYS_SEARCH_USER_PATHS = NO;
				CLANG_ANALYZER_NONNULL = YES;
				CLANG_CXX_LANGUAGE_STANDARD = "gnu++0x";
				CLANG_CXX_LIBRARY = "libc++";
				CLANG_ENABLE_MODULES = YES;
				CLANG_ENABLE_OBJC_ARC = YES;
				CLANG_WARN_BOOL_CONVERSION = YES;
				CLANG_WARN_CONSTANT_CONVERSION = YES;
				CLANG_WARN_DIRECT_OBJC_ISA_USAGE = YES_ERROR;
				CLANG_WARN_EMPTY_BODY = YES;
				CLANG_WARN_ENUM_CONVERSION = YES;
				CLANG_WARN_INT_CONVERSION = YES;
				CLANG_WARN_OBJC_ROOT_CLASS = YES_ERROR;
				CLANG_WARN_UNREACHABLE_CODE = YES;
				CLANG_WARN__DUPLICATE_METHOD_MATCH = YES;
				"CODE_SIGN_IDENTITY[sdk=iphoneos*]" = "iPhone Developer";
				COPY_PHASE_STRIP = NO;
				DEBUG_INFORMATION_FORMAT = dwarf;
				ENABLE_STRICT_OBJC_MSGSEND = YES;
				ENABLE_TESTABILITY = YES;
				GCC_C_LANGUAGE_STANDARD = gnu99;
				GCC_DYNAMIC_NO_PIC = NO;
				GCC_NO_COMMON_BLOCKS = YES;
				GCC_OPTIMIZATION_LEVEL = 0;
				GCC_PREPROCESSOR_DEFINITIONS = (
					"DEBUG=1",
					"$(inherited)",
				);
				GCC_WARN_64_TO_32_BIT_CONVERSION = YES;
				GCC_WARN_ABOUT_RETURN_TYPE = YES_ERROR;
				GCC_WARN_UNDECLARED_SELECTOR = YES;
				GCC_WARN_UNINITIALIZED_AUTOS = YES_AGGRESSIVE;
				GCC_WARN_UNUSED_FUNCTION = YES;
				GCC_WARN_UNUSED_VARIABLE = YES;
				IPHONEOS_DEPLOYMENT_TARGET = 9.3;
				MTL_ENABLE_DEBUG_INFO = YES;
				ONLY_ACTIVE_ARCH = YES;
				SDKROOT = iphoneos;
			};
			name = Debug;
		};
		8E81E5701CE4634300280B25 /* Release */ = {
			isa = XCBuildConfiguration;
			buildSettings = {
				ALWAYS_SEARCH_USER_PATHS = NO;
				CLANG_ANALYZER_NONNULL = YES;
				CLANG_CXX_LANGUAGE_STANDARD = "gnu++0x";
				CLANG_CXX_LIBRARY = "libc++";
				CLANG_ENABLE_MODULES = YES;
				CLANG_ENABLE_OBJC_ARC = YES;
				CLANG_WARN_BOOL_CONVERSION = YES;
				CLANG_WARN_CONSTANT_CONVERSION = YES;
				CLANG_WARN_DIRECT_OBJC_ISA_USAGE = YES_ERROR;
				CLANG_WARN_EMPTY_BODY = YES;
				CLANG_WARN_ENUM_CONVERSION = YES;
				CLANG_WARN_INT_CONVERSION = YES;
				CLANG_WARN_OBJC_ROOT_CLASS = YES_ERROR;
				CLANG_WARN_UNREACHABLE_CODE = YES;
				CLANG_WARN__DUPLICATE_METHOD_MATCH = YES;
				"CODE_SIGN_IDENTITY[sdk=iphoneos*]" = "iPhone Developer";
				COPY_PHASE_STRIP = NO;
				DEBUG_INFORMATION_FORMAT = "dwarf-with-dsym";
				ENABLE_NS_ASSERTIONS = NO;
				ENABLE_STRICT_OBJC_MSGSEND = YES;
				GCC_C_LANGUAGE_STANDARD = gnu99;
				GCC_NO_COMMON_BLOCKS = YES;
				GCC_WARN_64_TO_32_BIT_CONVERSION = YES;
				GCC_WARN_ABOUT_RETURN_TYPE = YES_ERROR;
				GCC_WARN_UNDECLARED_SELECTOR = YES;
				GCC_WARN_UNINITIALIZED_AUTOS = YES_AGGRESSIVE;
				GCC_WARN_UNUSED_FUNCTION = YES;
				GCC_WARN_UNUSED_VARIABLE = YES;
				IPHONEOS_DEPLOYMENT_TARGET = 9.3;
				MTL_ENABLE_DEBUG_INFO = NO;
				SDKROOT = iphoneos;
				VALIDATE_PRODUCT = YES;
			};
			name = Release;
		};
		8E81E5721CE4634300280B25 /* Debug */ = {
			isa = XCBuildConfiguration;
			buildSettings = {
				ASSETCATALOG_COMPILER_APPICON_NAME = AppIcon;
				INFOPLIST_FILE = OneGoal/Info.plist;
				LD_RUNPATH_SEARCH_PATHS = "$(inherited) @executable_path/Frameworks";
				PRODUCT_BUNDLE_IDENTIFIER = com.me.stone.OneGoal;
				PRODUCT_NAME = "$(TARGET_NAME)";
			};
			name = Debug;
		};
		8E81E5731CE4634300280B25 /* Release */ = {
			isa = XCBuildConfiguration;
			buildSettings = {
				ASSETCATALOG_COMPILER_APPICON_NAME = AppIcon;
				INFOPLIST_FILE = OneGoal/Info.plist;
				LD_RUNPATH_SEARCH_PATHS = "$(inherited) @executable_path/Frameworks";
				PRODUCT_BUNDLE_IDENTIFIER = com.me.stone.OneGoal;
				PRODUCT_NAME = "$(TARGET_NAME)";
			};
			name = Release;
		};
		8E81E5751CE4634300280B25 /* Debug */ = {
			isa = XCBuildConfiguration;
			buildSettings = {
				BUNDLE_LOADER = "$(TEST_HOST)";
				INFOPLIST_FILE = OneGoalTests/Info.plist;
				LD_RUNPATH_SEARCH_PATHS = "$(inherited) @executable_path/Frameworks @loader_path/Frameworks";
				PRODUCT_BUNDLE_IDENTIFIER = com.me.stone.OneGoalTests;
				PRODUCT_NAME = "$(TARGET_NAME)";
				TEST_HOST = "$(BUILT_PRODUCTS_DIR)/OneGoal.app/OneGoal";
			};
			name = Debug;
		};
		8E81E5761CE4634300280B25 /* Release */ = {
			isa = XCBuildConfiguration;
			buildSettings = {
				BUNDLE_LOADER = "$(TEST_HOST)";
				INFOPLIST_FILE = OneGoalTests/Info.plist;
				LD_RUNPATH_SEARCH_PATHS = "$(inherited) @executable_path/Frameworks @loader_path/Frameworks";
				PRODUCT_BUNDLE_IDENTIFIER = com.me.stone.OneGoalTests;
				PRODUCT_NAME = "$(TARGET_NAME)";
				TEST_HOST = "$(BUILT_PRODUCTS_DIR)/OneGoal.app/OneGoal";
			};
			name = Release;
		};
		8E81E5781CE4634300280B25 /* Debug */ = {
			isa = XCBuildConfiguration;
			buildSettings = {
				INFOPLIST_FILE = OneGoalUITests/Info.plist;
				LD_RUNPATH_SEARCH_PATHS = "$(inherited) @executable_path/Frameworks @loader_path/Frameworks";
				PRODUCT_BUNDLE_IDENTIFIER = com.me.stone.OneGoalUITests;
				PRODUCT_NAME = "$(TARGET_NAME)";
				TEST_TARGET_NAME = OneGoal;
			};
			name = Debug;
		};
		8E81E5791CE4634300280B25 /* Release */ = {
			isa = XCBuildConfiguration;
			buildSettings = {
				INFOPLIST_FILE = OneGoalUITests/Info.plist;
				LD_RUNPATH_SEARCH_PATHS = "$(inherited) @executable_path/Frameworks @loader_path/Frameworks";
				PRODUCT_BUNDLE_IDENTIFIER = com.me.stone.OneGoalUITests;
				PRODUCT_NAME = "$(TARGET_NAME)";
				TEST_TARGET_NAME = OneGoal;
			};
			name = Release;
		};
/* End XCBuildConfiguration section */

/* Begin XCConfigurationList section */
		8E81E53C1CE4634300280B25 /* Build configuration list for PBXProject "OneGoal" */ = {
			isa = XCConfigurationList;
			buildConfigurations = (
				8E81E56F1CE4634300280B25 /* Debug */,
				8E81E5701CE4634300280B25 /* Release */,
			);
			defaultConfigurationIsVisible = 0;
			defaultConfigurationName = Release;
		};
		8E81E5711CE4634300280B25 /* Build configuration list for PBXNativeTarget "OneGoal" */ = {
			isa = XCConfigurationList;
			buildConfigurations = (
				8E81E5721CE4634300280B25 /* Debug */,
				8E81E5731CE4634300280B25 /* Release */,
			);
			defaultConfigurationIsVisible = 0;
		};
		8E81E5741CE4634300280B25 /* Build configuration list for PBXNativeTarget "OneGoalTests" */ = {
			isa = XCConfigurationList;
			buildConfigurations = (
				8E81E5751CE4634300280B25 /* Debug */,
				8E81E5761CE4634300280B25 /* Release */,
			);
			defaultConfigurationIsVisible = 0;
		};
		8E81E5771CE4634300280B25 /* Build configuration list for PBXNativeTarget "OneGoalUITests" */ = {
			isa = XCConfigurationList;
			buildConfigurations = (
				8E81E5781CE4634300280B25 /* Debug */,
				8E81E5791CE4634300280B25 /* Release */,
			);
			defaultConfigurationIsVisible = 0;
		};
/* End XCConfigurationList section */

/* Begin XCVersionGroup section */
		8E81E5501CE4634300280B25 /* OneGoal.xcdatamodeld */ = {
			isa = XCVersionGroup;
			children = (
				8E81E5511CE4634300280B25 /* OneGoal.xcdatamodel */,
			);
			currentVersion = 8E81E5511CE4634300280B25 /* OneGoal.xcdatamodel */;
			path = OneGoal.xcdatamodeld;
			sourceTree = "<group>";
			versionGroupType = wrapper.xcdatamodel;
		};
/* End XCVersionGroup section */
	};
	rootObject = 8E81E5391CE4634300280B25 /* Project object */;
}
